Microsoft Visual Studio Solution File, Format Version 12.00
# Visual Studio Version 17
VisualStudioVersion = 17.0.31903.59
MinimumVisualStudioVersion = 10.0.40219.1
Project("{FAE04EC0-301F-11D3-BF4B-00C04F79EFBC}") = "Bearing.Core", "Bearing.Core\Bearing.Core.csproj", "{9A1B7C3D-1111-4E2A-8B0A-000000000001}"
EndProject
Project("{FAE04EC0-301F-11D3-BF4B-00C04F79EFBC}") = "Bearing.Mcp", "Bearing.Mcp\Bearing.Mcp.csproj", "{9A1B7C3D-1111-4E2A-8B0A-000000000002}"
EndProject
Global
	GlobalSection(SolutionConfigurationPlatforms) = preSolution
		Debug|Any CPU = Debug|Any CPU
		Release|Any CPU = Release|Any CPU
	EndGlobalSection
	GlobalSection(ProjectConfigurationPlatforms) = postSolution
		{9A1B7C3D-1111-4E2A-8B0A-000000000001}.Debug|Any CPU.ActiveCfg = Debug|Any CPU
		{9A1B7C3D-1111-4E2A-8B0A-000000000001}.Debug|Any CPU.Build.0 = Debug|Any CPU
		{9A1B7C3D-1111-4E2A-8B0A-000000000001}.Release|Any CPU.ActiveCfg = Release|Any CPU
		{9A1B7C3D-1111-4E2A-8B0A-000000000001}.Release|Any CPU.Build.0 = Release|Any CPU
		{9A1B7C3D-1111-4E2A-8B0A-000000000002}.Debug|Any CPU.ActiveCfg = Debug|Any CPU
		{9A1B7C3D-1111-4E2A-8B0A-000000000002}.Debug|Any CPU.Build.0 = Debug|Any CPU
		{9A1B7C3D-1111-4E2A-8B0A-000000000002}.Release|Any CPU.ActiveCfg = Release|Any CPU
		{9A1B7C3D-1111-4E2A-8B0A-000000000002}.Release|Any CPU.Build.0 = Release|Any CPU
	EndGlobalSection
EndGlobal
